// !$*UTF8*$!
{
	archiveVersion = 1;
	classes = {
	};
	objectVersion = 46;
	objects = {

/* Begin PBXBuildFile section */
		668837D51E8C4922007217C0 /* PizzaPartyViewController.swift in Sources */ = {isa = PBXBuildFile; fileRef = 668837D41E8C4922007217C0 /* PizzaPartyViewController.swift */; };
		668837D71E8C4967007217C0 /* PizzaController.swift in Sources */ = {isa = PBXBuildFile; fileRef = 668837D61E8C4967007217C0 /* PizzaController.swift */; };
		668837D91E8C4975007217C0 /* Pizza.swift in Sources */ = {isa = PBXBuildFile; fileRef = 668837D81E8C4975007217C0 /* Pizza.swift */; };
		66C689361E89A60600D9265D /* AppDelegate.swift in Sources */ = {isa = PBXBuildFile; fileRef = 66C689351E89A60600D9265D /* AppDelegate.swift */; };
		66C6893B1E89A60600D9265D /* Main.storyboard in Resources */ = {isa = PBXBuildFile; fileRef = 66C689391E89A60600D9265D /* Main.storyboard */; };
		66C6893D1E89A60600D9265D /* Assets.xcassets in Resources */ = {isa = PBXBuildFile; fileRef = 66C6893C1E89A60600D9265D /* Assets.xcassets */; };
		66C689401E89A60600D9265D /* LaunchScreen.storyboard in Resources */ = {isa = PBXBuildFile; fileRef = 66C6893E1E89A60600D9265D /* LaunchScreen.storyboard */; };
/* End PBXBuildFile section */

/* Begin PBXFileReference section */
		668837D41E8C4922007217C0 /* PizzaPartyViewController.swift */ = {isa = PBXFileReference; fileEncoding = 4; lastKnownFileType = sourcecode.swift; path = PizzaPartyViewController.swift; sourceTree = "<group>"; };
		668837D61E8C4967007217C0 /* PizzaController.swift */ = {isa = PBXFileReference; fileEncoding = 4; lastKnownFileType = sourcecode.swift; path = PizzaController.swift; sourceTree = "<group>"; };
		668837D81E8C4975007217C0 /* Pizza.swift */ = {isa = PBXFileReference; fileEncoding = 4; lastKnownFileType = sourcecode.swift; path = Pizza.swift; sourceTree = "<group>"; };
		66C689321E89A60600D9265D /* PizzaParty.app */ = {isa = PBXFileReference; explicitFileType = wrapper.application; includeInIndex = 0; path = PizzaParty.app; sourceTree = BUILT_PRODUCTS_DIR; };
		66C689351E89A60600D9265D /* AppDelegate.swift */ = {isa = PBXFileReference; lastKnownFileType = sourcecode.swift; path = AppDelegate.swift; sourceTree = "<group>"; };
		66C6893A1E89A60600D9265D /* Base */ = {isa = PBXFileReference; lastKnownFileType = file.storyboard; name = Base; path = Base.lproj/Main.storyboard; sourceTree = "<group>"; };
		66C6893C1E89A60600D9265D /* Assets.xcassets */ = {isa = PBXFileReference; lastKnownFileType = folder.assetcatalog; path = Assets.xcassets; sourceTree = "<group>"; };
		66C6893F1E89A60600D9265D /* Base */ = {isa = PBXFileReference; lastKnownFileType = file.storyboard; name = Base; path = Base.lproj/LaunchScreen.storyboard; sourceTree = "<group>"; };
		66C689411E89A60600D9265D /* Info.plist */ = {isa = PBXFileReference; lastKnownFileType = text.plist.xml; path = Info.plist; sourceTree = "<group>"; };
/* End PBXFileReference section */

/* Begin PBXFrameworksBuildPhase section */
		66C6892F1E89A60600D9265D /* Frameworks */ = {
			isa = PBXFrameworksBuildPhase;
			buildActionMask = 2147483647;
			files = (
			);
			runOnlyForDeploymentPostprocessing = 0;
		};
/* End PBXFrameworksBuildPhase section */

/* Begin PBXGroup section */
		66C689291E89A60600D9265D = {
			isa = PBXGroup;
			children = (
				66C689341E89A60600D9265D /* PizzaParty */,
				66C689331E89A60600D9265D /* Products */,
			);
			sourceTree = "<group>";
		};
		66C689331E89A60600D9265D /* Products */ = {
			isa = PBXGroup;
			children = (
				66C689321E89A60600D9265D /* PizzaParty.app */,
			);
			name = Products;
			sourceTree = "<group>";
		};
		66C689341E89A60600D9265D /* PizzaParty */ = {
			isa = PBXGroup;
			children = (
				66C689391E89A60600D9265D /* Main.storyboard */,
				66C689501E89F75B00D9265D /* View Controller */,
				66C6894E1E89F74B00D9265D /* Model */,
				66C6894F1E89F75000D9265D /* Model Controller */,
				66C689471E89A67A00D9265D /* Resources */,
			);
			path = PizzaParty;
			sourceTree = "<group>";
		};
		66C689471E89A67A00D9265D /* Resources */ = {
			isa = PBXGroup;
			children = (
				66C6893C1E89A60600D9265D /* Assets.xcassets */,
				66C689351E89A60600D9265D /* AppDelegate.swift */,
				66C6893E1E89A60600D9265D /* LaunchScreen.storyboard */,
				66C689411E89A60600D9265D /* Info.plist */,
			);
			name = Resources;
			sourceTree = "<group>";
		};
		66C6894E1E89F74B00D9265D /* Model */ = {
			isa = PBXGroup;
			children = (
				668837D81E8C4975007217C0 /* Pizza.swift */,
			);
			name = Model;
			sourceTree = "<group>";
		};
		66C6894F1E89F75000D9265D /* Model Controller */ = {
			isa = PBXGroup;
			children = (
				668837D61E8C4967007217C0 /* PizzaController.swift */,
			);
			name = "Model Controller";
			sourceTree = "<group>";
		};
		66C689501E89F75B00D9265D /* View Controller */ = {
			isa = PBXGroup;
			children = (
				668837D41E8C4922007217C0 /* PizzaPartyViewController.swift */,
			);
			name = "View Controller";
			sourceTree = "<group>";
		};
/* End PBXGroup section */

/* Begin PBXNativeTarget section */
		66C689311E89A60600D9265D /* PizzaParty */ = {
			isa = PBXNativeTarget;
			buildConfigurationList = 66C689441E89A60600D9265D /* Build configuration list for PBXNativeTarget "PizzaParty" */;
			buildPhases = (
				66C6892E1E89A60600D9265D /* Sources */,
				66C6892F1E89A60600D9265D /* Frameworks */,
				66C689301E89A60600D9265D /* Resources */,
			);
			buildRules = (
			);
			dependencies = (
			);
			name = PizzaParty;
			productName = PizzaParty;
			productReference = 66C689321E89A60600D9265D /* PizzaParty.app */;
			productType = "com.apple.product-type.application";
		};
/* End PBXNativeTarget section */

/* Begin PBXProject section */
		66C6892A1E89A60600D9265D /* Project object */ = {
			isa = PBXProject;
			attributes = {
				LastSwiftUpdateCheck = 0820;
				LastUpgradeCheck = 0820;
				ORGANIZATIONNAME = "PineAPPle LLC";
				TargetAttributes = {
					66C689311E89A60600D9265D = {
						CreatedOnToolsVersion = 8.2.1;
						DevelopmentTeam = HK9J242HR4;
						ProvisioningStyle = Automatic;
					};
				};
			};
			buildConfigurationList = 66C6892D1E89A60600D9265D /* Build configuration list for PBXProject "PizzaParty" */;
			compatibilityVersion = "Xcode 3.2";
			developmentRegion = English;
			hasScannedForEncodings = 0;
			knownRegions = (
				en,
				Base,
			);
			mainGroup = 66C689291E89A60600D9265D;
			productRefGroup = 66C689331E89A60600D9265D /* Products */;
			projectDirPath = "";
			projectRoot = "";
			targets = (
				66C689311E89A60600D9265D /* PizzaParty */,
			);
		};
/* End PBXProject section */

/* Begin PBXResourcesBuildPhase section */
		66C689301E89A60600D9265D /* Resources */ = {
			isa = PBXResourcesBuildPhase;
			buildActionMask = 2147483647;
			files = (
				66C689401E89A60600D9265D /* LaunchScreen.storyboard in Resources */,
				66C6893D1E89A60600D9265D /* Assets.xcassets in Resources */,
				66C6893B1E89A60600D9265D /* Main.storyboard in Resources */,
			);
			runOnlyForDeploymentPostprocessing = 0;
		};
/* End PBXResourcesBuildPhase section */

/* Begin PBXSourcesBuildPhase section */
		66C6892E1E89A60600D9265D /* Sources */ = {
			isa = PBXSourcesBuildPhase;
			buildActionMask = 2147483647;
			files = (
				668837D91E8C4975007217C0 /* Pizza.swift in Sources */,
				66C689361E89A60600D9265D /* AppDelegate.swift in Sources */,
				668837D71E8C4967007217C0 /* PizzaController.swift in Sources */,
				668837D51E8C4922007217C0 /* PizzaPartyViewController.swift in Sources */,
			);
			runOnlyForDeploymentPostprocessing = 0;
		};
/* End PBXSourcesBuildPhase section */

/* Begin PBXVariantGroup section */
		66C689391E89A60600D9265D /* Main.storyboard */ = {
			isa = PBXVariantGroup;
			children = (
				66C6893A1E89A60600D9265D /* Base */,
			);
			name = Main.storyboard;
			sourceTree = "<group>";
		};
		66C6893E1E89A60600D9265D /* LaunchScreen.storyboard */ = {
			isa = PBXVariantGroup;
			children = (
				66C6893F1E89A60600D9265D /* Base */,
			);
			name = LaunchScreen.storyboard;
			sourceTree = "<group>";
		};
/* End PBXVariantGroup section */

/* Begin XCBuildConfiguration section */
		66C689421E89A60600D9265D /* Debug */ = {
			isa = XCBuildConfiguration;
			buildSettings = {
				ALWAYS_SEARCH_USER_PATHS = NO;
				CLANG_ANALYZER_NONNULL = YES;
				CLANG_CXX_LANGUAGE_STANDARD = "gnu++0x";
				CLANG_CXX_LIBRARY = "libc++";
				CLANG_ENABLE_MODULES = YES;
				CLANG_ENABLE_OBJC_ARC = YES;
				CLANG_WARN_BOOL_CONVERSION = YES;
				CLANG_WARN_CONSTANT_CONVERSION = YES;
				CLANG_WARN_DIRECT_OBJC_ISA_USAGE = YES_ERROR;
				CLANG_WARN_DOCUMENTATION_COMMENTS = YES;
				CLANG_WARN_EMPTY_BODY = YES;
				CLANG_WARN_ENUM_CONVERSION = YES;
				CLANG_WARN_INFINITE_RECURSION = YES;
				CLANG_WARN_INT_CONVERSION = YES;
				CLANG_WARN_OBJC_ROOT_CLASS = YES_ERROR;
				CLANG_WARN_SUSPICIOUS_MOVE = YES;
				CLANG_WARN_UNREACHABLE_CODE = YES;
				CLANG_WARN__DUPLICATE_METHOD_MATCH = YES;
				"CODE_SIGN_IDENTITY[sdk=iphoneos*]" = "iPhone Developer";
				COPY_PHASE_STRIP = NO;
				DEBUG_INFORMATION_FORMAT = dwarf;
				ENABLE_STRICT_OBJC_MSGSEND = YES;
				ENABLE_TESTABILITY = YES;
				GCC_C_LANGUAGE_STANDARD = gnu99;
				GCC_DYNAMIC_NO_PIC = NO;
				GCC_NO_COMMON_BLOCKS = YES;
				GCC_OPTIMIZATION_LEVEL = 0;
				GCC_PREPROCESSOR_DEFINITIONS = (
					"DEBUG=1",
					"$(inherited)",
				);
				GCC_WARN_64_TO_32_BIT_CONVERSION = YES;
				GCC_WARN_ABOUT_RETURN_TYPE = YES_ERROR;
				GCC_WARN_UNDECLARED_SELECTOR = YES;
				GCC_WARN_UNINITIALIZED_AUTOS = YES_AGGRESSIVE;
				GCC_WARN_UNUSED_FUNCTION = YES;
				GCC_WARN_UNUSED_VARIABLE = YES;
				IPHONEOS_DEPLOYMENT_TARGET = 10.2;
				MTL_ENABLE_DEBUG_INFO = YES;
				ONLY_ACTIVE_ARCH = YES;
				SDKROOT = iphoneos;
				SWIFT_ACTIVE_COMPILATION_CONDITIONS = DEBUG;
				SWIFT_OPTIMIZATION_LEVEL = "-Onone";
			};
			name = Debug;
		};
		66C689431E89A60600D9265D /* Release */ = {
			isa = XCBuildConfiguration;
			buildSettings = {
				ALWAYS_SEARCH_USER_PATHS = NO;
				CLANG_ANALYZER_NONNULL = YES;
				CLANG_CXX_LANGUAGE_STANDARD = "gnu++0x";
				CLANG_CXX_LIBRARY = "libc++";
				CLANG_ENABLE_MODULES = YES;
				CLANG_ENABLE_OBJC_ARC = YES;
				CLANG_WARN_BOOL_CONVERSION = YES;
				CLANG_WARN_CONSTANT_CONVERSION = YES;
				CLANG_WARN_DIRECT_OBJC_ISA_USAGE = YES_ERROR;
				CLANG_WARN_DOCUMENTATION_COMMENTS = YES;
				CLANG_WARN_EMPTY_BODY = YES;
				CLANG_WARN_ENUM_CONVERSION = YES;
				CLANG_WARN_INFINITE_RECURSION = YES;
				CLANG_WARN_INT_CONVERSION = YES;
				CLANG_WARN_OBJC_ROOT_CLASS = YES_ERROR;
				CLANG_WARN_SUSPICIOUS_MOVE = YES;
				CLANG_WARN_UNREACHABLE_CODE = YES;
				CLANG_WARN__DUPLICATE_METHOD_MATCH = YES;
				"CODE_SIGN_IDENTITY[sdk=iphoneos*]" = "iPhone Developer";
				COPY_PHASE_STRIP = NO;
				DEBUG_INFORMATION_FORMAT = "dwarf-with-dsym";
				ENABLE_NS_ASSERTIONS = NO;
				ENABLE_STRICT_OBJC_MSGSEND = YES;
				GCC_C_LANGUAGE_STANDARD = gnu99;
				GCC_NO_COMMON_BLOCKS = YES;
				GCC_WARN_64_TO_32_BIT_CONVERSION = YES;
				GCC_WARN_ABOUT_RETURN_TYPE = YES_ERROR;
				GCC_WARN_UNDECLARED_SELECTOR = YES;
				GCC_WARN_UNINITIALIZED_AUTOS = YES_AGGRESSIVE;
				GCC_WARN_UNUSED_FUNCTION = YES;
				GCC_WARN_UNUSED_VARIABLE = YES;
				IPHONEOS_DEPLOYMENT_TARGET = 10.2;
				MTL_ENABLE_DEBUG_INFO = NO;
				SDKROOT = iphoneos;
				SWIFT_OPTIMIZATION_LEVEL = "-Owholemodule";
				VALIDATE_PRODUCT = YES;
			};
			name = Release;
		};
		66C689451E89A60600D9265D /* Debug */ = {
			isa = XCBuildConfiguration;
			buildSettings = {
				ASSETCATALOG_COMPILER_APPICON_NAME = AppIcon;
				DEVELOPMENT_TEAM = HK9J242HR4;
				INFOPLIST_FILE = PizzaParty/Info.plist;
				LD_RUNPATH_SEARCH_PATHS = "$(inherited) @executable_path/Frameworks";
				PRODUCT_BUNDLE_IDENTIFIER = com.pineapplecoding.PizzaParty;
				PRODUCT_NAME = "$(TARGET_NAME)";
				SWIFT_VERSION = 3.0;
			};
			name = Debug;
		};
		66C689461E89A60600D9265D /* Release */ = {
			isa = XCBuildConfiguration;
			buildSettings = {
				ASSETCATALOG_COMPILER_APPICON_NAME = AppIcon;
				DEVELOPMENT_TEAM = HK9J242HR4;
				INFOPLIST_FILE = PizzaParty/Info.plist;
				LD_RUNPATH_SEARCH_PATHS = "$(inherited) @executable_path/Frameworks";
				PRODUCT_BUNDLE_IDENTIFIER = com.pineapplecoding.PizzaParty;
				PRODUCT_NAME = "$(TARGET_NAME)";
				SWIFT_VERSION = 3.0;
			};
			name = Release;
		};
/* End XCBuildConfiguration section */

/* Begin XCConfigurationList section */
		66C6892D1E89A60600D9265D /* Build configuration list for PBXProject "PizzaParty" */ = {
			isa = XCConfigurationList;
			buildConfigurations = (
				66C689421E89A60600D9265D /* Debug */,
				66C689431E89A60600D9265D /* Release */,
			);
			defaultConfigurationIsVisible = 0;
			defaultConfigurationName = Release;
		};
		66C689441E89A60600D9265D /* Build configuration list for PBXNativeTarget "PizzaParty" */ = {
			isa = XCConfigurationList;
			buildConfigurations = (
				66C689451E89A60600D9265D /* Debug */,
				66C689461E89A60600D9265D /* Release */,
			);
			defaultConfigurationIsVisible = 0;
			defaultConfigurationName = Release;
		};
/* End XCConfigurationList section */
	};
	rootObject = 66C6892A1E89A60600D9265D /* Project object */;
}
